// !$*UTF8*$!
{
	archiveVersion = 1;
	classes = {
	};
	objectVersion = 46;
	objects = {

/* Begin PBXBuildFile section */
		0675F67A17C075600077ED27 /* start.PNG in Resources */ = {isa = PBXBuildFile; fileRef = 0675F67917C075600077ED27 /* start.PNG */; };
		0675F67C17C075680077ED27 /* tap_login.PNG in Resources */ = {isa = PBXBuildFile; fileRef = 0675F67B17C075680077ED27 /* tap_login.PNG */; };
		0675F67E17C075700077ED27 /* tap_signup.PNG in Resources */ = {isa = PBXBuildFile; fileRef = 0675F67D17C075700077ED27 /* tap_signup.PNG */; };
		069CB30217DC000E007707B1 /* LogInViewController.m in Sources */ = {isa = PBXBuildFile; fileRef = 069CB30117DC000E007707B1 /* LogInViewController.m */; };
		06F237F517C05D420084E8B9 /* UIKit.framework in Frameworks */ = {isa = PBXBuildFile; fileRef = 06F237F417C05D420084E8B9 /* UIKit.framework */; };
		06F237F717C05D420084E8B9 /* Foundation.framework in Frameworks */ = {isa = PBXBuildFile; fileRef = 06F237F617C05D420084E8B9 /* Foundation.framework */; };
		06F237F917C05D420084E8B9 /* CoreGraphics.framework in Frameworks */ = {isa = PBXBuildFile; fileRef = 06F237F817C05D420084E8B9 /* CoreGraphics.framework */; };
		06F237FF17C05D420084E8B9 /* InfoPlist.strings in Resources */ = {isa = PBXBuildFile; fileRef = 06F237FD17C05D420084E8B9 /* InfoPlist.strings */; };
		06F2380117C05D420084E8B9 /* main.m in Sources */ = {isa = PBXBuildFile; fileRef = 06F2380017C05D420084E8B9 /* main.m */; };
		06F2380517C05D420084E8B9 /* AppStoreExAppDelegate.m in Sources */ = {isa = PBXBuildFile; fileRef = 06F2380417C05D420084E8B9 /* AppStoreExAppDelegate.m */; };
		06F2380717C05D420084E8B9 /* Default.png in Resources */ = {isa = PBXBuildFile; fileRef = 06F2380617C05D420084E8B9 /* Default.png */; };
		06F2380917C05D420084E8B9 /* Default@2x.png in Resources */ = {isa = PBXBuildFile; fileRef = 06F2380817C05D420084E8B9 /* Default@2x.png */; };
		06F2380B17C05D420084E8B9 /* Default-568h@2x.png in Resources */ = {isa = PBXBuildFile; fileRef = 06F2380A17C05D420084E8B9 /* Default-568h@2x.png */; };
		06F2380E17C05D420084E8B9 /* MainStoryboard.storyboard in Resources */ = {isa = PBXBuildFile; fileRef = 06F2380C17C05D420084E8B9 /* MainStoryboard.storyboard */; };
		06F2381117C05D420084E8B9 /* AppStoreExViewController.m in Sources */ = {isa = PBXBuildFile; fileRef = 06F2381017C05D420084E8B9 /* AppStoreExViewController.m */; };
/* End PBXBuildFile section */

/* Begin PBXFileReference section */
		0675F67917C075600077ED27 /* start.PNG */ = {isa = PBXFileReference; lastKnownFileType = image.png; path = start.PNG; sourceTree = "<group>"; };
		0675F67B17C075680077ED27 /* tap_login.PNG */ = {isa = PBXFileReference; lastKnownFileType = image.png; path = tap_login.PNG; sourceTree = "<group>"; };
		0675F67D17C075700077ED27 /* tap_signup.PNG */ = {isa = PBXFileReference; lastKnownFileType = image.png; path = tap_signup.PNG; sourceTree = "<group>"; };
		069CB30017DC000E007707B1 /* LogInViewController.h */ = {isa = PBXFileReference; fileEncoding = 4; lastKnownFileType = sourcecode.c.h; path = LogInViewController.h; sourceTree = "<group>"; };
		069CB30117DC000E007707B1 /* LogInViewController.m */ = {isa = PBXFileReference; fileEncoding = 4; lastKnownFileType = sourcecode.c.objc; path = LogInViewController.m; sourceTree = "<group>"; };
		06F237F117C05D420084E8B9 /* SnapChat.app */ = {isa = PBXFileReference; explicitFileType = wrapper.application; includeInIndex = 0; path = SnapChat.app; sourceTree = BUILT_PRODUCTS_DIR; };
		06F237F417C05D420084E8B9 /* UIKit.framework */ = {isa = PBXFileReference; lastKnownFileType = wrapper.framework; name = UIKit.framework; path = System/Library/Frameworks/UIKit.framework; sourceTree = SDKROOT; };
		06F237F617C05D420084E8B9 /* Foundation.framework */ = {isa = PBXFileReference; lastKnownFileType = wrapper.framework; name = Foundation.framework; path = System/Library/Frameworks/Foundation.framework; sourceTree = SDKROOT; };
		06F237F817C05D420084E8B9 /* CoreGraphics.framework */ = {isa = PBXFileReference; lastKnownFileType = wrapper.framework; name = CoreGraphics.framework; path = System/Library/Frameworks/CoreGraphics.framework; sourceTree = SDKROOT; };
		06F237FC17C05D420084E8B9 /* SnapChat-Info.plist */ = {isa = PBXFileReference; lastKnownFileType = text.plist.xml; path = "SnapChat-Info.plist"; sourceTree = "<group>"; };
		06F237FE17C05D420084E8B9 /* en */ = {isa = PBXFileReference; lastKnownFileType = text.plist.strings; name = en; path = en.lproj/InfoPlist.strings; sourceTree = "<group>"; };
		06F2380017C05D420084E8B9 /* main.m */ = {isa = PBXFileReference; lastKnownFileType = sourcecode.c.objc; path = main.m; sourceTree = "<group>"; };
		06F2380217C05D420084E8B9 /* SnapChat-Prefix.pch */ = {isa = PBXFileReference; lastKnownFileType = sourcecode.c.h; path = "SnapChat-Prefix.pch"; sourceTree = "<group>"; };
		06F2380317C05D420084E8B9 /* AppStoreExAppDelegate.h */ = {isa = PBXFileReference; lastKnownFileType = sourcecode.c.h; path = AppStoreExAppDelegate.h; sourceTree = "<group>"; };
		06F2380417C05D420084E8B9 /* AppStoreExAppDelegate.m */ = {isa = PBXFileReference; lastKnownFileType = sourcecode.c.objc; path = AppStoreExAppDelegate.m; sourceTree = "<group>"; };
		06F2380617C05D420084E8B9 /* Default.png */ = {isa = PBXFileReference; lastKnownFileType = image.png; path = Default.png; sourceTree = "<group>"; };
		06F2380817C05D420084E8B9 /* Default@2x.png */ = {isa = PBXFileReference; lastKnownFileType = image.png; path = "Default@2x.png"; sourceTree = "<group>"; };
		06F2380A17C05D420084E8B9 /* Default-568h@2x.png */ = {isa = PBXFileReference; lastKnownFileType = image.png; path = "Default-568h@2x.png"; sourceTree = "<group>"; };
		06F2380D17C05D420084E8B9 /* en */ = {isa = PBXFileReference; lastKnownFileType = file.storyboard; name = en; path = en.lproj/MainStoryboard.storyboard; sourceTree = "<group>"; };
		06F2380F17C05D420084E8B9 /* AppStoreExViewController.h */ = {isa = PBXFileReference; lastKnownFileType = sourcecode.c.h; path = AppStoreExViewController.h; sourceTree = "<group>"; };
		06F2381017C05D420084E8B9 /* AppStoreExViewController.m */ = {isa = PBXFileReference; lastKnownFileType = sourcecode.c.objc; path = AppStoreExViewController.m; sourceTree = "<group>"; };
/* End PBXFileReference section */

/* Begin PBXFrameworksBuildPhase section */
		06F237EE17C05D420084E8B9 /* Frameworks */ = {
			isa = PBXFrameworksBuildPhase;
			buildActionMask = 2147483647;
			files = (
				06F237F517C05D420084E8B9 /* UIKit.framework in Frameworks */,
				06F237F717C05D420084E8B9 /* Foundation.framework in Frameworks */,
				06F237F917C05D420084E8B9 /* CoreGraphics.framework in Frameworks */,
			);
			runOnlyForDeploymentPostprocessing = 0;
		};
/* End PBXFrameworksBuildPhase section */

/* Begin PBXGroup section */
		0675F67817C075280077ED27 /* Assert */ = {
			isa = PBXGroup;
			children = (
				0675F67D17C075700077ED27 /* tap_signup.PNG */,
				0675F67917C075600077ED27 /* start.PNG */,
				0675F67B17C075680077ED27 /* tap_login.PNG */,
			);
			name = Assert;
			path = ..;
			sourceTree = "<group>";
		};
		06F237E817C05D420084E8B9 = {
			isa = PBXGroup;
			children = (
				06F237FA17C05D420084E8B9 /* SnapChat */,
				06F237F317C05D420084E8B9 /* Frameworks */,
				06F237F217C05D420084E8B9 /* Products */,
			);
			sourceTree = "<group>";
		};
		06F237F217C05D420084E8B9 /* Products */ = {
			isa = PBXGroup;
			children = (
				06F237F117C05D420084E8B9 /* SnapChat.app */,
			);
			name = Products;
			sourceTree = "<group>";
		};
		06F237F317C05D420084E8B9 /* Frameworks */ = {
			isa = PBXGroup;
			children = (
				06F237F417C05D420084E8B9 /* UIKit.framework */,
				06F237F617C05D420084E8B9 /* Foundation.framework */,
				06F237F817C05D420084E8B9 /* CoreGraphics.framework */,
			);
			name = Frameworks;
			sourceTree = "<group>";
		};
		06F237FA17C05D420084E8B9 /* SnapChat */ = {
			isa = PBXGroup;
			children = (
				06F2380317C05D420084E8B9 /* AppStoreExAppDelegate.h */,
				06F2380417C05D420084E8B9 /* AppStoreExAppDelegate.m */,
				06F2380C17C05D420084E8B9 /* MainStoryboard.storyboard */,
				06F2380F17C05D420084E8B9 /* AppStoreExViewController.h */,
				06F2381017C05D420084E8B9 /* AppStoreExViewController.m */,
				069CB30017DC000E007707B1 /* LogInViewController.h */,
				069CB30117DC000E007707B1 /* LogInViewController.m */,
				0675F67817C075280077ED27 /* Assert */,
				06F237FB17C05D420084E8B9 /* Supporting Files */,
			);
			path = SnapChat;
			sourceTree = "<group>";
		};
		06F237FB17C05D420084E8B9 /* Supporting Files */ = {
			isa = PBXGroup;
			children = (
				06F237FC17C05D420084E8B9 /* SnapChat-Info.plist */,
				06F237FD17C05D420084E8B9 /* InfoPlist.strings */,
				06F2380017C05D420084E8B9 /* main.m */,
				06F2380217C05D420084E8B9 /* SnapChat-Prefix.pch */,
				06F2380617C05D420084E8B9 /* Default.png */,
				06F2380817C05D420084E8B9 /* Default@2x.png */,
				06F2380A17C05D420084E8B9 /* Default-568h@2x.png */,
			);
			name = "Supporting Files";
			sourceTree = "<group>";
		};
/* End PBXGroup section */

/* Begin PBXNativeTarget section */
		06F237F017C05D420084E8B9 /* SnapChat */ = {
			isa = PBXNativeTarget;
			buildConfigurationList = 06F2381417C05D420084E8B9 /* Build configuration list for PBXNativeTarget "SnapChat" */;
			buildPhases = (
				06F237ED17C05D420084E8B9 /* Sources */,
				06F237EE17C05D420084E8B9 /* Frameworks */,
				06F237EF17C05D420084E8B9 /* Resources */,
			);
			buildRules = (
			);
			dependencies = (
			);
			name = SnapChat;
			productName = SnapChat;
			productReference = 06F237F117C05D420084E8B9 /* SnapChat.app */;
			productType = "com.apple.product-type.application";
		};
/* End PBXNativeTarget section */

/* Begin PBXProject section */
		06F237E917C05D420084E8B9 /* Project object */ = {
			isa = PBXProject;
			attributes = {
				CLASSPREFIX = AppStoreEx;
				LastUpgradeCheck = 0460;
				ORGANIZATIONNAME = KimByungyoon;
			};
			buildConfigurationList = 06F237EC17C05D420084E8B9 /* Build configuration list for PBXProject "SnapChat" */;
			compatibilityVersion = "Xcode 3.2";
			developmentRegion = English;
			hasScannedForEncodings = 0;
			knownRegions = (
				en,
			);
			mainGroup = 06F237E817C05D420084E8B9;
			productRefGroup = 06F237F217C05D420084E8B9 /* Products */;
			projectDirPath = "";
			projectRoot = "";
			targets = (
				06F237F017C05D420084E8B9 /* SnapChat */,
			);
		};
/* End PBXProject section */

/* Begin PBXResourcesBuildPhase section */
		06F237EF17C05D420084E8B9 /* Resources */ = {
			isa = PBXResourcesBuildPhase;
			buildActionMask = 2147483647;
			files = (
				06F237FF17C05D420084E8B9 /* InfoPlist.strings in Resources */,
				06F2380717C05D420084E8B9 /* Default.png in Resources */,
				06F2380917C05D420084E8B9 /* Default@2x.png in Resources */,
				06F2380B17C05D420084E8B9 /* Default-568h@2x.png in Resources */,
				06F2380E17C05D420084E8B9 /* MainStoryboard.storyboard in Resources */,
				0675F67A17C075600077ED27 /* start.PNG in Resources */,
				0675F67C17C075680077ED27 /* tap_login.PNG in Resources */,
				0675F67E17C075700077ED27 /* tap_signup.PNG in Resources */,
			);
			runOnlyForDeploymentPostprocessing = 0;
		};
/* End PBXResourcesBuildPhase section */

/* Begin PBXSourcesBuildPhase section */
		06F237ED17C05D420084E8B9 /* Sources */ = {
			isa = PBXSourcesBuildPhase;
			buildActionMask = 2147483647;
			files = (
				06F2380117C05D420084E8B9 /* main.m in Sources */,
				06F2380517C05D420084E8B9 /* AppStoreExAppDelegate.m in Sources */,
				06F2381117C05D420084E8B9 /* AppStoreExViewController.m in Sources */,
				069CB30217DC000E007707B1 /* LogInViewController.m in Sources */,
			);
			runOnlyForDeploymentPostprocessing = 0;
		};
/* End PBXSourcesBuildPhase section */

/* Begin PBXVariantGroup section */
		06F237FD17C05D420084E8B9 /* InfoPlist.strings */ = {
			isa = PBXVariantGroup;
			children = (
				06F237FE17C05D420084E8B9 /* en */,
			);
			name = InfoPlist.strings;
			sourceTree = "<group>";
		};
		06F2380C17C05D420084E8B9 /* MainStoryboard.storyboard */ = {
			isa = PBXVariantGroup;
			children = (
				06F2380D17C05D420084E8B9 /* en */,
			);
			name = MainStoryboard.storyboard;
			sourceTree = "<group>";
		};
/* End PBXVariantGroup section */

/* Begin XCBuildConfiguration section */
		06F2381217C05D420084E8B9 /* Debug */ = {
			isa = XCBuildConfiguration;
			buildSettings = {
				ALWAYS_SEARCH_USER_PATHS = NO;
				CLANG_CXX_LANGUAGE_STANDARD = "gnu++0x";
				CLANG_CXX_LIBRARY = "libc++";
				CLANG_WARN_CONSTANT_CONVERSION = YES;
				CLANG_WARN_EMPTY_BODY = YES;
				CLANG_WARN_ENUM_CONVERSION = YES;
				CLANG_WARN_INT_CONVERSION = YES;
				CLANG_WARN__DUPLICATE_METHOD_MATCH = YES;
				"CODE_SIGN_IDENTITY[sdk=iphoneos*]" = "iPhone Developer";
				COPY_PHASE_STRIP = NO;
				GCC_C_LANGUAGE_STANDARD = gnu99;
				GCC_DYNAMIC_NO_PIC = NO;
				GCC_OPTIMIZATION_LEVEL = 0;
				GCC_PREPROCESSOR_DEFINITIONS = (
					"DEBUG=1",
					"$(inherited)",
				);
				GCC_SYMBOLS_PRIVATE_EXTERN = NO;
				GCC_WARN_ABOUT_RETURN_TYPE = YES;
				GCC_WARN_UNINITIALIZED_AUTOS = YES;
				GCC_WARN_UNUSED_VARIABLE = YES;
				IPHONEOS_DEPLOYMENT_TARGET = 6.1;
				ONLY_ACTIVE_ARCH = YES;
				SDKROOT = iphoneos;
			};
			name = Debug;
		};
		06F2381317C05D420084E8B9 /* Release */ = {
			isa = XCBuildConfiguration;
			buildSettings = {
				ALWAYS_SEARCH_USER_PATHS = NO;
				CLANG_CXX_LANGUAGE_STANDARD = "gnu++0x";
				CLANG_CXX_LIBRARY = "libc++";
				CLANG_WARN_CONSTANT_CONVERSION = YES;
				CLANG_WARN_EMPTY_BODY = YES;
				CLANG_WARN_ENUM_CONVERSION = YES;
				CLANG_WARN_INT_CONVERSION = YES;
				CLANG_WARN__DUPLICATE_METHOD_MATCH = YES;
				"CODE_SIGN_IDENTITY[sdk=iphoneos*]" = "iPhone Developer";
				COPY_PHASE_STRIP = YES;
				GCC_C_LANGUAGE_STANDARD = gnu99;
				GCC_WARN_ABOUT_RETURN_TYPE = YES;
				GCC_WARN_UNINITIALIZED_AUTOS = YES;
				GCC_WARN_UNUSED_VARIABLE = YES;
				IPHONEOS_DEPLOYMENT_TARGET = 6.1;
				OTHER_CFLAGS = "-DNS_BLOCK_ASSERTIONS=1";
				SDKROOT = iphoneos;
				VALIDATE_PRODUCT = YES;
			};
			name = Release;
		};
		06F2381517C05D420084E8B9 /* Debug */ = {
			isa = XCBuildConfiguration;
			buildSettings = {
				GCC_PRECOMPILE_PREFIX_HEADER = YES;
				GCC_PREFIX_HEADER = "SnapChat/SnapChat-Prefix.pch";
				INFOPLIST_FILE = "SnapChat/SnapChat-Info.plist";
				PRODUCT_NAME = "$(TARGET_NAME)";
				WRAPPER_EXTENSION = app;
			};
			name = Debug;
		};
		06F2381617C05D420084E8B9 /* Release */ = {
			isa = XCBuildConfiguration;
			buildSettings = {
				GCC_PRECOMPILE_PREFIX_HEADER = YES;
				GCC_PREFIX_HEADER = "SnapChat/SnapChat-Prefix.pch";
				INFOPLIST_FILE = "SnapChat/SnapChat-Info.plist";
				PRODUCT_NAME = "$(TARGET_NAME)";
				WRAPPER_EXTENSION = app;
			};
			name = Release;
		};
/* End XCBuildConfiguration section */

/* Begin XCConfigurationList section */
		06F237EC17C05D420084E8B9 /* Build configuration list for PBXProject "SnapChat" */ = {
			isa = XCConfigurationList;
			buildConfigurations = (
				06F2381217C05D420084E8B9 /* Debug */,
				06F2381317C05D420084E8B9 /* Release */,
			);
			defaultConfigurationIsVisible = 0;
			defaultConfigurationName = Release;
		};
		06F2381417C05D420084E8B9 /* Build configuration list for PBXNativeTarget "SnapChat" */ = {
			isa = XCConfigurationList;
			buildConfigurations = (
				06F2381517C05D420084E8B9 /* Debug */,
				06F2381617C05D420084E8B9 /* Release */,
			);
			defaultConfigurationIsVisible = 0;
			defaultConfigurationName = Release;
		};
/* End XCConfigurationList section */
	};
	rootObject = 06F237E917C05D420084E8B9 /* Project object */;
}
